
Microsoft Visual Studio Solution File, Format Version 12.00
# Visual Studio Version 17
VisualStudioVersion = 17.0.31410.414
MinimumVisualStudioVersion = 10.0.40219.1
Project("{FAE04EC0-301F-11D3-BF4B-00C04F79EFBC}") = "Arise.FileSyncer.Log", "Arise.FileSyncer.Log\Arise.FileSyncer.Log.csproj", "{4DEF52DB-E180-473C-9151-440A6248FB42}"
EndProject
Project("{2150E333-8FDC-42A3-9474-1A3956D46DE8}") = "Solution Items", "Solution Items", "{472641E9-580C-496A-A180-CC7FAFB5C8A7}"
	ProjectSection(SolutionItems) = preProject
		.editorconfig = .editorconfig
		nuget.config = nuget.config
	EndProjectSection
EndProject
Global
	GlobalSection(SolutionConfigurationPlatforms) = preSolution
		Debug|Any CPU = Debug|Any CPU
		Release|Any CPU = Release|Any CPU
	EndGlobalSection
	GlobalSection(ProjectConfigurationPlatforms) = postSolution
		{4DEF52DB-E180-473C-9151-440A6248FB42}.Debug|Any CPU.ActiveCfg = Debug|Any CPU
		{4DEF52DB-E180-473C-9151-440A6248FB42}.Debug|Any CPU.Build.0 = Debug|Any CPU
		{4DEF52DB-E180-473C-9151-440A6248FB42}.Release|Any CPU.ActiveCfg = Release|Any CPU
		{4DEF52DB-E180-473C-9151-440A6248FB42}.Release|Any CPU.Build.0 = Release|Any CPU
	EndGlobalSection
	GlobalSection(SolutionProperties) = preSolution
		HideSolutionNode = FALSE
	EndGlobalSection
	GlobalSection(ExtensibilityGlobals) = postSolution
		SolutionGuid = {1F0F1C54-FAC8-41B4-9E54-B981EC7473ED}
	EndGlobalSection
EndGlobal
